
Microsoft Visual Studio Solution File, Format Version 12.00
# Visual Studio Version 16
VisualStudioVersion = 16.0.29123.88
MinimumVisualStudioVersion = 10.0.40219.1
Project("{FAE04EC0-301F-11D3-BF4B-00C04F79EFBC}") = "Task_4", "Task_4.csproj", "{B76C89D8-6D56-4AD2-A98C-929D1A258500}"
EndProject
Project("{FAE04EC0-301F-11D3-BF4B-00C04F79EFBC}") = "ModelLibrary", "..\ModelLibrary\ModelLibrary.csproj", "{2E0D2D78-6427-4D59-A9F1-725909C95AD7}"
EndProject
Global
	GlobalSection(SolutionConfigurationPlatforms) = preSolution
		Debug|Any CPU = Debug|Any CPU
		Release|Any CPU = Release|Any CPU
	EndGlobalSection
	GlobalSection(ProjectConfigurationPlatforms) = postSolution
		{B76C89D8-6D56-4AD2-A98C-929D1A258500}.Debug|Any CPU.ActiveCfg = Debug|Any CPU
		{B76C89D8-6D56-4AD2-A98C-929D1A258500}.Debug|Any CPU.Build.0 = Debug|Any CPU
		{B76C89D8-6D56-4AD2-A98C-929D1A258500}.Release|Any CPU.ActiveCfg = Release|Any CPU
		{B76C89D8-6D56-4AD2-A98C-929D1A258500}.Release|Any CPU.Build.0 = Release|Any CPU
		{2E0D2D78-6427-4D59-A9F1-725909C95AD7}.Debug|Any CPU.ActiveCfg = Debug|Any CPU
		{2E0D2D78-6427-4D59-A9F1-725909C95AD7}.Debug|Any CPU.Build.0 = Debug|Any CPU
		{2E0D2D78-6427-4D59-A9F1-725909C95AD7}.Release|Any CPU.ActiveCfg = Release|Any CPU
		{2E0D2D78-6427-4D59-A9F1-725909C95AD7}.Release|Any CPU.Build.0 = Release|Any CPU
	EndGlobalSection
	GlobalSection(SolutionProperties) = preSolution
		HideSolutionNode = FALSE
	EndGlobalSection
	GlobalSection(ExtensibilityGlobals) = postSolution
		SolutionGuid = {20ADB1DB-867F-40E6-A862-DFC5B0E5AB46}
	EndGlobalSection
EndGlobal
