
Microsoft Visual Studio Solution File, Format Version 12.00
# Visual Studio Version 16
VisualStudioVersion = 16.0.29123.88
MinimumVisualStudioVersion = 10.0.40219.1
Project("{FAE04EC0-301F-11D3-BF4B-00C04F79EFBC}") = "Task_2", "Task_2.csproj", "{A21CAF81-8273-48FA-ADB6-46BF32919E77}"
EndProject
Project("{FAE04EC0-301F-11D3-BF4B-00C04F79EFBC}") = "ModelLibrary", "..\ModelLibrary\ModelLibrary.csproj", "{E87D6505-F907-434F-9CF5-AF7ED5D32052}"
EndProject
Global
	GlobalSection(SolutionConfigurationPlatforms) = preSolution
		Debug|Any CPU = Debug|Any CPU
		Release|Any CPU = Release|Any CPU
	EndGlobalSection
	GlobalSection(ProjectConfigurationPlatforms) = postSolution
		{A21CAF81-8273-48FA-ADB6-46BF32919E77}.Debug|Any CPU.ActiveCfg = Debug|Any CPU
		{A21CAF81-8273-48FA-ADB6-46BF32919E77}.Debug|Any CPU.Build.0 = Debug|Any CPU
		{A21CAF81-8273-48FA-ADB6-46BF32919E77}.Release|Any CPU.ActiveCfg = Release|Any CPU
		{A21CAF81-8273-48FA-ADB6-46BF32919E77}.Release|Any CPU.Build.0 = Release|Any CPU
		{E87D6505-F907-434F-9CF5-AF7ED5D32052}.Debug|Any CPU.ActiveCfg = Debug|Any CPU
		{E87D6505-F907-434F-9CF5-AF7ED5D32052}.Debug|Any CPU.Build.0 = Debug|Any CPU
		{E87D6505-F907-434F-9CF5-AF7ED5D32052}.Release|Any CPU.ActiveCfg = Release|Any CPU
		{E87D6505-F907-434F-9CF5-AF7ED5D32052}.Release|Any CPU.Build.0 = Release|Any CPU
	EndGlobalSection
	GlobalSection(SolutionProperties) = preSolution
		HideSolutionNode = FALSE
	EndGlobalSection
	GlobalSection(ExtensibilityGlobals) = postSolution
		SolutionGuid = {694A1A72-8F86-43A0-9CA1-14D55E6263C0}
	EndGlobalSection
EndGlobal
