
Microsoft Visual Studio Solution File, Format Version 12.00
# Visual Studio Version 16
VisualStudioVersion = 16.0.29123.88
MinimumVisualStudioVersion = 10.0.40219.1
Project("{FAE04EC0-301F-11D3-BF4B-00C04F79EFBC}") = "DefineMultipleClass", "..\DefineMultipleClass\DefineMultipleClass.csproj", "{A1DD6387-E2C6-40D8-B33A-9639C8EC7EAF}"
EndProject
Project("{FAE04EC0-301F-11D3-BF4B-00C04F79EFBC}") = "Console (FizzBuzz)", "..\Console (FizzBuzz)\Console (FizzBuzz).csproj", "{8B2E1DD4-1E2A-49EF-BABD-C3BC366A9112}"
EndProject
Global
	GlobalSection(SolutionConfigurationPlatforms) = preSolution
		Debug|Any CPU = Debug|Any CPU
		Release|Any CPU = Release|Any CPU
	EndGlobalSection
	GlobalSection(ProjectConfigurationPlatforms) = postSolution
		{A1DD6387-E2C6-40D8-B33A-9639C8EC7EAF}.Debug|Any CPU.ActiveCfg = Debug|Any CPU
		{A1DD6387-E2C6-40D8-B33A-9639C8EC7EAF}.Debug|Any CPU.Build.0 = Debug|Any CPU
		{A1DD6387-E2C6-40D8-B33A-9639C8EC7EAF}.Release|Any CPU.ActiveCfg = Release|Any CPU
		{A1DD6387-E2C6-40D8-B33A-9639C8EC7EAF}.Release|Any CPU.Build.0 = Release|Any CPU
		{8B2E1DD4-1E2A-49EF-BABD-C3BC366A9112}.Debug|Any CPU.ActiveCfg = Debug|Any CPU
		{8B2E1DD4-1E2A-49EF-BABD-C3BC366A9112}.Debug|Any CPU.Build.0 = Debug|Any CPU
		{8B2E1DD4-1E2A-49EF-BABD-C3BC366A9112}.Release|Any CPU.ActiveCfg = Release|Any CPU
		{8B2E1DD4-1E2A-49EF-BABD-C3BC366A9112}.Release|Any CPU.Build.0 = Release|Any CPU
	EndGlobalSection
	GlobalSection(SolutionProperties) = preSolution
		HideSolutionNode = FALSE
	EndGlobalSection
	GlobalSection(ExtensibilityGlobals) = postSolution
		SolutionGuid = {67A23C84-D0A3-486B-AAA4-50F10F5C2CC4}
	EndGlobalSection
EndGlobal
